{
  "name": "myapplication",
  "version": "1.0.0",
  "lockfileVersion": 1,
  "requires": true,
  "dependencies": {
    "@ohos/hos-sdkmanager-common": {
      "version": "2.1.6",
      "resolved": "https://repo.harmonyos.com/npm/@ohos/hos-sdkmanager-common/-/@ohos/hos-sdkmanager-common-2.1.6.tgz",
      "integrity": "sha512-DAT3YbqBE5/6lEOPTQA4pyNt5Wv790AlXcE5iIAofb47uXKmXf3EYL7UBoBRI0U8gJ9qnD/wNuW0vwMrlK8rDw==",
      "requires": {
        "@ohos/sdkmanager-common": "2.3.4"
      }
    },
    "@ohos/hvigor": {
      "version": "1.4.0",
      "resolved": "https://repo.harmonyos.com/npm/@ohos/hvigor/-/@ohos/hvigor-1.4.0.tgz",
      "integrity": "sha512-UNWl/KYWaRLmcyXN3tJh0XpmGswjVhSZ08BCukpTrjOSgU335L3PHI6yZJ6PuXxkAxMKgt46IOi4wVdFo8NAPA==",
      "requires": {
        "@ohos/hvigor-base": "1.4.0",
        "fs-extra": "10.0.1",
        "interpret": "1.4.0",
        "liftoff": "4.0.0",
        "mute-stdout": "1.0.0",
        "pretty-hrtime": "1.0.0",
        "typescript": "4.7.4",
        "v8flags": "3.2.0",
        "yargs": "17.5.1"
      }
    },
    "@ohos/hvigor-base": {
      "version": "1.4.0",
      "resolved": "https://repo.harmonyos.com/npm/@ohos/hvigor-base/-/@ohos/hvigor-base-1.4.0.tgz",
      "integrity": "sha512-67VK4Of6HgWMDdfa4eMb0MDcDAasctDpK6Akvttwe9U+aV5HSsRJuFS1f3cNGs5+shKyApvj8+AV7VqjzqHsVA==",
      "requires": {
        "fs-extra": "10.0.1",
        "iconv-lite": "0.6.3",
        "json5": "2.2.3",
        "lodash": "4.17.21",
        "log4js": "6.4.1",
        "once": "1.4.0",
        "pretty-hrtime": "1.0.0"
      }
    },
    "@ohos/hvigor-ohos-plugin": {
      "version": "1.4.0",
      "resolved": "https://repo.harmonyos.com/npm/@ohos/hvigor-ohos-plugin/-/@ohos/hvigor-ohos-plugin-1.4.0.tgz",
      "integrity": "sha512-fVGPFfjzLitY8d19kPSuMiGdw2KsZPTnaquTq910g8X0WCwYCR+N25m1LmS44H/48/mV1/ciiJusivPn3EvLJw==",
      "requires": {
        "@ohos/hos-sdkmanager-common": "2.1.6",
        "@ohos/sdkmanager-common": "2.3.4",
        "adm-zip": "0.5.9",
        "ajv": "8.10.0",
        "deasync": "0.1.28",
        "execa": "5.1.1",
        "fast-xml-parser": "4.0.3",
        "fs-extra": "10.0.1",
        "glob": "7.2.0",
        "iconv-lite": "0.6.3",
        "json5": "2.2.3",
        "lodash": "4.17.21",
        "pretty-hrtime": "1.0.3",
        "resolve-package-path": "4.0.3"
      },
      "dependencies": {
        "pretty-hrtime": {
          "version": "1.0.3",
          "resolved": "https://repo.huaweicloud.com/repository/npm/pretty-hrtime/-/pretty-hrtime-1.0.3.tgz",
          "integrity": "sha512-66hKPCr+72mlfiSjlEB1+45IjXSqvVAIy6mocupoww4tBFE9R9IhwwUGoI4G++Tc9Aq+2rxOt0RFU6gPcrte0A=="
        }
      }
    },
    "@ohos/hypium": {
      "version": "1.0.3",
      "resolved": "https://repo.harmonyos.com/npm/@ohos/hypium/-/@ohos/hypium-1.0.3.tgz",
      "integrity": "sha512-QKh8ngJk1ySbAiKpSTLP5EJIbT8Oja1zV3zwgLD7U9+KX7w2gjNIk3qoP+d13CwpEfaSR3Lxt3exlQLwWSFx3g=="
    },
    "@ohos/sdkmanager-common": {
      "version": "2.3.4",
      "resolved": "https://repo.harmonyos.com/npm/@ohos/sdkmanager-common/-/@ohos/sdkmanager-common-2.3.4.tgz",
      "integrity": "sha512-3WATGJS2lO1EV7F7KzfHCdYwJzr5n+vdrRD65ahHHXptjko1UneBwvY1WEpxSJShQQc4lwKyBK7+6UOsc+NA/w==",
      "requires": {
        "axios": "0.24.0",
        "jszip": "^3.7.0"
      }
    },
    "adm-zip": {
      "version": "0.5.9",
      "resolved": "https://repo.huaweicloud.com/repository/npm/adm-zip/-/adm-zip-0.5.9.tgz",
      "integrity": "sha512-s+3fXLkeeLjZ2kLjCBwQufpI5fuN+kIGBxu6530nVQZGVol0d7Y/M88/xw9HGGUcJjKf8LutN3VPRUBq6N7Ajg=="
    },
    "ajv": {
      "version": "8.10.0",
      "resolved": "https://repo.huaweicloud.com/repository/npm/ajv/-/ajv-8.10.0.tgz",
      "integrity": "sha512-bzqAEZOjkrUMl2afH8dknrq5KEk2SrwdBROR+vH1EKVQTqaUbJVPdc/gEdggTMM0Se+s+Ja4ju4TlNcStKl2Hw==",
      "requires": {
        "fast-deep-equal": "^3.1.1",
        "json-schema-traverse": "^1.0.0",
        "require-from-string": "^2.0.2",
        "uri-js": "^4.2.2"
      }
    },
    "ansi-regex": {
      "version": "5.0.1",
      "resolved": "https://repo.huaweicloud.com/repository/npm/ansi-regex/-/ansi-regex-5.0.1.tgz",
      "integrity": "sha512-quJQXlTSUGL2LH9SUXo8VwsY4soanhgo6LNSm84E1LBcE8s3O0wpdiRzyR9z/ZZJMlMWv37qOOb9pdJlMUEKFQ=="
    },
    "ansi-styles": {
      "version": "4.3.0",
      "resolved": "https://repo.huaweicloud.com/repository/npm/ansi-styles/-/ansi-styles-4.3.0.tgz",
      "integrity": "sha512-zbB9rCJAT1rbjiVDb2hqKFHNYLxgtk8NURxZ3IZwD3F6NtxbXZQCnnSi1Lkx+IDohdPlFp222wVALIheZJQSEg==",
      "requires": {
        "color-convert": "^2.0.1"
      }
    },
    "array-each": {
      "version": "1.0.1",
      "resolved": "https://repo.huaweicloud.com/repository/npm/array-each/-/array-each-1.0.1.tgz",
      "integrity": "sha512-zHjL5SZa68hkKHBFBK6DJCTtr9sfTCPCaph/L7tMSLcTFgy+zX7E+6q5UArbtOtMBCtxdICpfTCspRse+ywyXA=="
    },
    "array-slice": {
      "version": "1.1.0",
      "resolved": "https://repo.huaweicloud.com/repository/npm/array-slice/-/array-slice-1.1.0.tgz",
      "integrity": "sha512-B1qMD3RBP7O8o0H2KbrXDyB0IccejMF15+87Lvlor12ONPRHP6gTjXMNkt/d3ZuOGbAe66hFmaCfECI24Ufp6w=="
    },
    "axios": {
      "version": "0.24.0",
      "resolved": "https://repo.huaweicloud.com/repository/npm/axios/-/axios-0.24.0.tgz",
      "integrity": "sha512-Q6cWsys88HoPgAaFAVUb0WpPk0O8iTeisR9IMqy9G8AbO4NlpVknrnQS03zzF9PGAWgO3cgletO3VjV/P7VztA==",
      "requires": {
        "follow-redirects": "^1.14.4"
      }
    },
    "balanced-match": {
      "version": "1.0.2",
      "resolved": "https://repo.huaweicloud.com/repository/npm/balanced-match/-/balanced-match-1.0.2.tgz",
      "integrity": "sha512-3oSeUO0TMV67hN1AmbXsK4yaqU7tjiHlbxRDZOpH0KW9+CeX4bRAaX0Anxt0tx2MrpRpWwQaPwIlISEJhYU5Pw=="
    },
    "bindings": {
      "version": "1.5.0",
      "resolved": "https://repo.huaweicloud.com/repository/npm/bindings/-/bindings-1.5.0.tgz",
      "integrity": "sha512-p2q/t/mhvuOj/UeLlV6566GD/guowlr0hHxClI0W9m7MWYkL1F0hLo+0Aexs9HSPCtR1SXQ0TD3MMKrXZajbiQ==",
      "requires": {
        "file-uri-to-path": "1.0.0"
      }
    },
    "brace-expansion": {
      "version": "1.1.11",
      "resolved": "https://repo.huaweicloud.com/repository/npm/brace-expansion/-/brace-expansion-1.1.11.tgz",
      "integrity": "sha512-iCuPHDFgrHX7H2vEI/5xpz07zSHB00TpugqhmYtVmMO6518mCuRMoOYFldEBl0g187ufozdaHgWKcYFb61qGiA==",
      "requires": {
        "balanced-match": "^1.0.0",
        "concat-map": "0.0.1"
      }
    },
    "braces": {
      "version": "3.0.2",
      "resolved": "https://repo.huaweicloud.com/repository/npm/braces/-/braces-3.0.2.tgz",
      "integrity": "sha512-b8um+L1RzM3WDSzvhm6gIz1yfTbBt6YTlcEKAvsmqCZZFw46z626lVj9j1yEPW33H5H+lBQpZMP1k8l+78Ha0A==",
      "requires": {
        "fill-range": "^7.0.1"
      }
    },
    "cliui": {
      "version": "7.0.4",
      "resolved": "https://repo.huaweicloud.com/repository/npm/cliui/-/cliui-7.0.4.tgz",
      "integrity": "sha512-OcRE68cOsVMXp1Yvonl/fzkQOyjLSu/8bhPDfQt0e0/Eb283TKP20Fs2MqoPsr9SwA595rRCA+QMzYc9nBP+JQ==",
      "requires": {
        "string-width": "^4.2.0",
        "strip-ansi": "^6.0.0",
        "wrap-ansi": "^7.0.0"
      }
    },
    "color-convert": {
      "version": "2.0.1",
      "resolved": "https://repo.huaweicloud.com/repository/npm/color-convert/-/color-convert-2.0.1.tgz",
      "integrity": "sha512-RRECPsj7iu/xb5oKYcsFHSppFNnsj/52OVTRKb4zP5onXwVF3zVmmToNcOfGC+CRDpfK/U584fMg38ZHCaElKQ==",
      "requires": {
        "color-name": "~1.1.4"
      }
    },
    "color-name": {
      "version": "1.1.4",
      "resolved": "https://repo.huaweicloud.com/repository/npm/color-name/-/color-name-1.1.4.tgz",
      "integrity": "sha512-dOy+3AuW3a2wNbZHIuMZpTcgjGuLU/uBL/ubcZF9OXbDo8ff4O8yVp5Bf0efS8uEoYo5q4Fx7dY9OgQGXgAsQA=="
    },
    "concat-map": {
      "version": "0.0.1",
      "resolved": "https://repo.huaweicloud.com/repository/npm/concat-map/-/concat-map-0.0.1.tgz",
      "integrity": "sha512-/Srv4dswyQNBfohGpz9o6Yb3Gz3SrUDqBH5rTuhGR7ahtlbYKnVxw2bCFMRljaA7EXHaXZ8wsHdodFvbkhKmqg=="
    },
    "core-util-is": {
      "version": "1.0.3",
      "resolved": "https://repo.huaweicloud.com/repository/npm/core-util-is/-/core-util-is-1.0.3.tgz",
      "integrity": "sha512-ZQBvi1DcpJ4GDqanjucZ2Hj3wEO5pZDS89BWbkcrvdxksJorwUDDZamX9ldFkp9aw2lmBDLgkObEA4DWNJ9FYQ=="
    },
    "cross-spawn": {
      "version": "7.0.3",
      "resolved": "https://repo.huaweicloud.com/repository/npm/cross-spawn/-/cross-spawn-7.0.3.tgz",
      "integrity": "sha512-iRDPJKUPVEND7dHPO8rkbOnPpyDygcDFtWjpeWNCgy8WP2rXcxXL8TskReQl6OrB2G7+UJrags1q15Fudc7G6w==",
      "requires": {
        "path-key": "^3.1.0",
        "shebang-command": "^2.0.0",
        "which": "^2.0.1"
      },
      "dependencies": {
        "which": {
          "version": "2.0.2",
          "resolved": "https://repo.huaweicloud.com/repository/npm/which/-/which-2.0.2.tgz",
          "integrity": "sha512-BLI3Tl1TW3Pvl70l3yq3Y64i+awpwXqsGBYWkkqMtnbXgrMD+yj7rhW0kuEDxzJaYXGjEW5ogapKNMEKNMjibA==",
          "requires": {
            "isexe": "^2.0.0"
          }
        }
      }
    }
  }
}
